
Microsoft Visual Studio Solution File, Format Version 12.00
# Visual Studio 15
VisualStudioVersion = 15.0.27703.2026
MinimumVisualStudioVersion = 10.0.40219.1
Project("{FAE04EC0-301F-11D3-BF4B-00C04F79EFBC}") = "Aspektre", "Aspektre\Aspektre.csproj", "{10936859-B98F-4398-84C5-E2733C5CD4FB}"
EndProject
Global
	GlobalSection(SolutionConfigurationPlatforms) = preSolution
		Debug|Any CPU = Debug|Any CPU
		Debug|x64 = Debug|x64
		Release|Any CPU = Release|Any CPU
		Release|x64 = Release|x64
	EndGlobalSection
	GlobalSection(ProjectConfigurationPlatforms) = postSolution
		{10936859-B98F-4398-84C5-E2733C5CD4FB}.Debug|Any CPU.ActiveCfg = Release|Any CPU
		{10936859-B98F-4398-84C5-E2733C5CD4FB}.Debug|Any CPU.Build.0 = Release|Any CPU
		{10936859-B98F-4398-84C5-E2733C5CD4FB}.Debug|x64.ActiveCfg = Release|x64
		{10936859-B98F-4398-84C5-E2733C5CD4FB}.Debug|x64.Build.0 = Release|x64
		{10936859-B98F-4398-84C5-E2733C5CD4FB}.Release|Any CPU.ActiveCfg = Release|Any CPU
		{10936859-B98F-4398-84C5-E2733C5CD4FB}.Release|Any CPU.Build.0 = Release|Any CPU
		{10936859-B98F-4398-84C5-E2733C5CD4FB}.Release|x64.ActiveCfg = Release|x64
		{10936859-B98F-4398-84C5-E2733C5CD4FB}.Release|x64.Build.0 = Release|x64
	EndGlobalSection
	GlobalSection(SolutionProperties) = preSolution
		HideSolutionNode = FALSE
	EndGlobalSection
	GlobalSection(ExtensibilityGlobals) = postSolution
		SolutionGuid = {1E0EFF5A-7F93-4DDF-A505-338671092EA0}
	EndGlobalSection
EndGlobal
